// !$*UTF8*$!
{
	archiveVersion = 1;
	classes = {
	};
	objectVersion = 46;
	objects = {

/* Begin PBXBuildFile section */
		495746CE1AFEB0C600E8A172 /* main.m in Sources */ = {isa = PBXBuildFile; fileRef = 495746CD1AFEB0C600E8A172 /* main.m */; };
		495746D11AFEB0C600E8A172 /* AppDelegate.m in Sources */ = {isa = PBXBuildFile; fileRef = 495746D01AFEB0C600E8A172 /* AppDelegate.m */; };
		495746D41AFEB0C600E8A172 /* ViewController.m in Sources */ = {isa = PBXBuildFile; fileRef = 495746D31AFEB0C600E8A172 /* ViewController.m */; };
		495746D71AFEB0C600E8A172 /* Main.storyboard in Resources */ = {isa = PBXBuildFile; fileRef = 495746D51AFEB0C600E8A172 /* Main.storyboard */; };
		495746D91AFEB0C600E8A172 /* Images.xcassets in Resources */ = {isa = PBXBuildFile; fileRef = 495746D81AFEB0C600E8A172 /* Images.xcassets */; };
		495746DC1AFEB0C600E8A172 /* LaunchScreen.xib in Resources */ = {isa = PBXBuildFile; fileRef = 495746DA1AFEB0C600E8A172 /* LaunchScreen.xib */; };
		495746E81AFEB0C600E8A172 /* DriveSafeiOSTests.m in Sources */ = {isa = PBXBuildFile; fileRef = 495746E71AFEB0C600E8A172 /* DriveSafeiOSTests.m */; };
/* End PBXBuildFile section */

/* Begin PBXContainerItemProxy section */
		495746E21AFEB0C600E8A172 /* PBXContainerItemProxy */ = {
			isa = PBXContainerItemProxy;
			containerPortal = 495746C01AFEB0C600E8A172 /* Project object */;
			proxyType = 1;
			remoteGlobalIDString = 495746C71AFEB0C600E8A172;
			remoteInfo = DriveSafeiOS;
		};
/* End PBXContainerItemProxy section */

/* Begin PBXFileReference section */
		495746C81AFEB0C600E8A172 /* DriveSafeiOS.app */ = {isa = PBXFileReference; explicitFileType = wrapper.application; includeInIndex = 0; path = DriveSafeiOS.app; sourceTree = BUILT_PRODUCTS_DIR; };
		495746CC1AFEB0C600E8A172 /* Info.plist */ = {isa = PBXFileReference; lastKnownFileType = text.plist.xml; path = Info.plist; sourceTree = "<group>"; };
		495746CD1AFEB0C600E8A172 /* main.m */ = {isa = PBXFileReference; lastKnownFileType = sourcecode.c.objc; path = main.m; sourceTree = "<group>"; };
		495746CF1AFEB0C600E8A172 /* AppDelegate.h */ = {isa = PBXFileReference; lastKnownFileType = sourcecode.c.h; path = AppDelegate.h; sourceTree = "<group>"; };
		495746D01AFEB0C600E8A172 /* AppDelegate.m */ = {isa = PBXFileReference; lastKnownFileType = sourcecode.c.objc; path = AppDelegate.m; sourceTree = "<group>"; };
		495746D21AFEB0C600E8A172 /* ViewController.h */ = {isa = PBXFileReference; lastKnownFileType = sourcecode.c.h; path = ViewController.h; sourceTree = "<group>"; };
		495746D31AFEB0C600E8A172 /* ViewController.m */ = {isa = PBXFileReference; lastKnownFileType = sourcecode.c.objc; path = ViewController.m; sourceTree = "<group>"; };
		495746D61AFEB0C600E8A172 /* Base */ = {isa = PBXFileReference; lastKnownFileType = file.storyboard; name = Base; path = Base.lproj/Main.storyboard; sourceTree = "<group>"; };
		495746D81AFEB0C600E8A172 /* Images.xcassets */ = {isa = PBXFileReference; lastKnownFileType = folder.assetcatalog; path = Images.xcassets; sourceTree = "<group>"; };
		495746DB1AFEB0C600E8A172 /* Base */ = {isa = PBXFileReference; lastKnownFileType = file.xib; name = Base; path = Base.lproj/LaunchScreen.xib; sourceTree = "<group>"; };
		495746E11AFEB0C600E8A172 /* DriveSafeiOSTests.xctest */ = {isa = PBXFileReference; explicitFileType = wrapper.cfbundle; includeInIndex = 0; path = DriveSafeiOSTests.xctest; sourceTree = BUILT_PRODUCTS_DIR; };
		495746E61AFEB0C600E8A172 /* Info.plist */ = {isa = PBXFileReference; lastKnownFileType = text.plist.xml; path = Info.plist; sourceTree = "<group>"; };
		495746E71AFEB0C600E8A172 /* DriveSafeiOSTests.m */ = {isa = PBXFileReference; lastKnownFileType = sourcecode.c.objc; path = DriveSafeiOSTests.m; sourceTree = "<group>"; };
/* End PBXFileReference section */

/* Begin PBXFrameworksBuildPhase section */
		495746C51AFEB0C600E8A172 /* Frameworks */ = {
			isa = PBXFrameworksBuildPhase;
			buildActionMask = 2147483647;
			files = (
			);
			runOnlyForDeploymentPostprocessing = 0;
		};
		495746DE1AFEB0C600E8A172 /* Frameworks */ = {
			isa = PBXFrameworksBuildPhase;
			buildActionMask = 2147483647;
			files = (
			);
			runOnlyForDeploymentPostprocessing = 0;
		};
/* End PBXFrameworksBuildPhase section */

/* Begin PBXGroup section */
		495746BF1AFEB0C600E8A172 = {
			isa = PBXGroup;
			children = (
				495746CA1AFEB0C600E8A172 /* DriveSafeiOS */,
				495746E41AFEB0C600E8A172 /* DriveSafeiOSTests */,
				495746C91AFEB0C600E8A172 /* Products */,
			);
			sourceTree = "<group>";
		};
		495746C91AFEB0C600E8A172 /* Products */ = {
			isa = PBXGroup;
			children = (
				495746C81AFEB0C600E8A172 /* DriveSafeiOS.app */,
				495746E11AFEB0C600E8A172 /* DriveSafeiOSTests.xctest */,
			);
			name = Products;
			sourceTree = "<group>";
		};
		495746CA1AFEB0C600E8A172 /* DriveSafeiOS */ = {
			isa = PBXGroup;
			children = (
				495746CF1AFEB0C600E8A172 /* AppDelegate.h */,
				495746D01AFEB0C600E8A172 /* AppDelegate.m */,
				495746D21AFEB0C600E8A172 /* ViewController.h */,
				495746D31AFEB0C600E8A172 /* ViewController.m */,
				495746D51AFEB0C600E8A172 /* Main.storyboard */,
				495746D81AFEB0C600E8A172 /* Images.xcassets */,
				495746DA1AFEB0C600E8A172 /* LaunchScreen.xib */,
				495746CB1AFEB0C600E8A172 /* Supporting Files */,
			);
			path = DriveSafeiOS;
			sourceTree = "<group>";
		};
		495746CB1AFEB0C600E8A172 /* Supporting Files */ = {
			isa = PBXGroup;
			children = (
				495746CC1AFEB0C600E8A172 /* Info.plist */,
				495746CD1AFEB0C600E8A172 /* main.m */,
			);
			name = "Supporting Files";
			sourceTree = "<group>";
		};
		495746E41AFEB0C600E8A172 /* DriveSafeiOSTests */ = {
			isa = PBXGroup;
			children = (
				495746E71AFEB0C600E8A172 /* DriveSafeiOSTests.m */,
				495746E51AFEB0C600E8A172 /* Supporting Files */,
			);
			path = DriveSafeiOSTests;
			sourceTree = "<group>";
		};
		495746E51AFEB0C600E8A172 /* Supporting Files */ = {
			isa = PBXGroup;
			children = (
				495746E61AFEB0C600E8A172 /* Info.plist */,
			);
			name = "Supporting Files";
			sourceTree = "<group>";
		};
/* End PBXGroup section */

/* Begin PBXNativeTarget section */
		495746C71AFEB0C600E8A172 /* DriveSafeiOS */ = {
			isa = PBXNativeTarget;
			buildConfigurationList = 495746EB1AFEB0C600E8A172 /* Build configuration list for PBXNativeTarget "DriveSafeiOS" */;
			buildPhases = (
				495746C41AFEB0C600E8A172 /* Sources */,
				495746C51AFEB0C600E8A172 /* Frameworks */,
				495746C61AFEB0C600E8A172 /* Resources */,
			);
			buildRules = (
			);
			dependencies = (
			);
			name = DriveSafeiOS;
			productName = DriveSafeiOS;
			productReference = 495746C81AFEB0C600E8A172 /* DriveSafeiOS.app */;
			productType = "com.apple.product-type.application";
		};
		495746E01AFEB0C600E8A172 /* DriveSafeiOSTests */ = {
			isa = PBXNativeTarget;
			buildConfigurationList = 495746EE1AFEB0C600E8A172 /* Build configuration list for PBXNativeTarget "DriveSafeiOSTests" */;
			buildPhases = (
				495746DD1AFEB0C600E8A172 /* Sources */,
				495746DE1AFEB0C600E8A172 /* Frameworks */,
				495746DF1AFEB0C600E8A172 /* Resources */,
			);
			buildRules = (
			);
			dependencies = (
				495746E31AFEB0C600E8A172 /* PBXTargetDependency */,
			);
			name = DriveSafeiOSTests;
			productName = DriveSafeiOSTests;
			productReference = 495746E11AFEB0C600E8A172 /* DriveSafeiOSTests.xctest */;
			productType = "com.apple.product-type.bundle.unit-test";
		};
/* End PBXNativeTarget section */

/* Begin PBXProject section */
		495746C01AFEB0C600E8A172 /* Project object */ = {
			isa = PBXProject;
			attributes = {
				LastUpgradeCheck = 0630;
				ORGANIZATIONNAME = DreamGeese;
				TargetAttributes = {
					495746C71AFEB0C600E8A172 = {
						CreatedOnToolsVersion = 6.3.1;
					};
					495746E01AFEB0C600E8A172 = {
						CreatedOnToolsVersion = 6.3.1;
						TestTargetID = 495746C71AFEB0C600E8A172;
					};
				};
			};
			buildConfigurationList = 495746C31AFEB0C600E8A172 /* Build configuration list for PBXProject "DriveSafeiOS" */;
			compatibilityVersion = "Xcode 3.2";
			developmentRegion = English;
			hasScannedForEncodings = 0;
			knownRegions = (
				en,
				Base,
			);
			mainGroup = 495746BF1AFEB0C600E8A172;
			productRefGroup = 495746C91AFEB0C600E8A172 /* Products */;
			projectDirPath = "";
			projectRoot = "";
			targets = (
				495746C71AFEB0C600E8A172 /* DriveSafeiOS */,
				495746E01AFEB0C600E8A172 /* DriveSafeiOSTests */,
			);
		};
/* End PBXProject section */

/* Begin PBXResourcesBuildPhase section */
		495746C61AFEB0C600E8A172 /* Resources */ = {
			isa = PBXResourcesBuildPhase;
			buildActionMask = 2147483647;
			files = (
				495746D71AFEB0C600E8A172 /* Main.storyboard in Resources */,
				495746DC1AFEB0C600E8A172 /* LaunchScreen.xib in Resources */,
				495746D91AFEB0C600E8A172 /* Images.xcassets in Resources */,
			);
			runOnlyForDeploymentPostprocessing = 0;
		};
		495746DF1AFEB0C600E8A172 /* Resources */ = {
			isa = PBXResourcesBuildPhase;
			buildActionMask = 2147483647;
			files = (
			);
			runOnlyForDeploymentPostprocessing = 0;
		};
/* End PBXResourcesBuildPhase section */

/* Begin PBXSourcesBuildPhase section */
		495746C41AFEB0C600E8A172 /* Sources */ = {
			isa = PBXSourcesBuildPhase;
			buildActionMask = 2147483647;
			files = (
				495746D41AFEB0C600E8A172 /* ViewController.m in Sources */,
				495746D11AFEB0C600E8A172 /* AppDelegate.m in Sources */,
				495746CE1AFEB0C600E8A172 /* main.m in Sources */,
			);
			runOnlyForDeploymentPostprocessing = 0;
		};
		495746DD1AFEB0C600E8A172 /* Sources */ = {
			isa = PBXSourcesBuildPhase;
			buildActionMask = 2147483647;
			files = (
				495746E81AFEB0C600E8A172 /* DriveSafeiOSTests.m in Sources */,
			);
			runOnlyForDeploymentPostprocessing = 0;
		};
/* End PBXSourcesBuildPhase section */

/* Begin PBXTargetDependency section */
		495746E31AFEB0C600E8A172 /* PBXTargetDependency */ = {
			isa = PBXTargetDependency;
			target = 495746C71AFEB0C600E8A172 /* DriveSafeiOS */;
			targetProxy = 495746E21AFEB0C600E8A172 /* PBXContainerItemProxy */;
		};
/* End PBXTargetDependency section */

/* Begin PBXVariantGroup section */
		495746D51AFEB0C600E8A172 /* Main.storyboard */ = {
			isa = PBXVariantGroup;
			children = (
				495746D61AFEB0C600E8A172 /* Base */,
			);
			name = Main.storyboard;
			sourceTree = "<group>";
		};
		495746DA1AFEB0C600E8A172 /* LaunchScreen.xib */ = {
			isa = PBXVariantGroup;
			children = (
				495746DB1AFEB0C600E8A172 /* Base */,
			);
			name = LaunchScreen.xib;
			sourceTree = "<group>";
		};
/* End PBXVariantGroup section */

/* Begin XCBuildConfiguration section */
		495746E91AFEB0C600E8A172 /* Debug */ = {
			isa = XCBuildConfiguration;
			buildSettings = {
				ALWAYS_SEARCH_USER_PATHS = NO;
				CLANG_CXX_LANGUAGE_STANDARD = "gnu++0x";
				CLANG_CXX_LIBRARY = "libc++";
				CLANG_ENABLE_MODULES = YES;
				CLANG_ENABLE_OBJC_ARC = YES;
				CLANG_WARN_BOOL_CONVERSION = YES;
				CLANG_WARN_CONSTANT_CONVERSION = YES;
				CLANG_WARN_DIRECT_OBJC_ISA_USAGE = YES_ERROR;
				CLANG_WARN_EMPTY_BODY = YES;
				CLANG_WARN_ENUM_CONVERSION = YES;
				CLANG_WARN_INT_CONVERSION = YES;
				CLANG_WARN_OBJC_ROOT_CLASS = YES_ERROR;
				CLANG_WARN_UNREACHABLE_CODE = YES;
				CLANG_WARN__DUPLICATE_METHOD_MATCH = YES;
				"CODE_SIGN_IDENTITY[sdk=iphoneos*]" = "iPhone Developer";
				COPY_PHASE_STRIP = NO;
				DEBUG_INFORMATION_FORMAT = "dwarf-with-dsym";
				ENABLE_STRICT_OBJC_MSGSEND = YES;
				GCC_C_LANGUAGE_STANDARD = gnu99;
				GCC_DYNAMIC_NO_PIC = NO;
				GCC_NO_COMMON_BLOCKS = YES;
				GCC_OPTIMIZATION_LEVEL = 0;
				GCC_PREPROCESSOR_DEFINITIONS = (
					"DEBUG=1",
					"$(inherited)",
				);
				GCC_SYMBOLS_PRIVATE_EXTERN = NO;
				GCC_WARN_64_TO_32_BIT_CONVERSION = YES;
				GCC_WARN_ABOUT_RETURN_TYPE = YES_ERROR;
				GCC_WARN_UNDECLARED_SELECTOR = YES;
				GCC_WARN_UNINITIALIZED_AUTOS = YES_AGGRESSIVE;
				GCC_WARN_UNUSED_FUNCTION = YES;
				GCC_WARN_UNUSED_VARIABLE = YES;
				IPHONEOS_DEPLOYMENT_TARGET = 8.3;
				MTL_ENABLE_DEBUG_INFO = YES;
				ONLY_ACTIVE_ARCH = YES;
				SDKROOT = iphoneos;
				TARGETED_DEVICE_FAMILY = "1,2";
			};
			name = Debug;
		};
		495746EA1AFEB0C600E8A172 /* Release */ = {
			isa = XCBuildConfiguration;
			buildSettings = {
				ALWAYS_SEARCH_USER_PATHS = NO;
				CLANG_CXX_LANGUAGE_STANDARD = "gnu++0x";
				CLANG_CXX_LIBRARY = "libc++";
				CLANG_ENABLE_MODULES = YES;
				CLANG_ENABLE_OBJC_ARC = YES;
				CLANG_WARN_BOOL_CONVERSION = YES;
				CLANG_WARN_CONSTANT_CONVERSION = YES;
				CLANG_WARN_DIRECT_OBJC_ISA_USAGE = YES_ERROR;
				CLANG_WARN_EMPTY_BODY = YES;
				CLANG_WARN_ENUM_CONVERSION = YES;
				CLANG_WARN_INT_CONVERSION = YES;
				CLANG_WARN_OBJC_ROOT_CLASS = YES_ERROR;
				CLANG_WARN_UNREACHABLE_CODE = YES;
				CLANG_WARN__DUPLICATE_METHOD_MATCH = YES;
				"CODE_SIGN_IDENTITY[sdk=iphoneos*]" = "iPhone Developer";
				COPY_PHASE_STRIP = NO;
				DEBUG_INFORMATION_FORMAT = "dwarf-with-dsym";
				ENABLE_NS_ASSERTIONS = NO;
				ENABLE_STRICT_OBJC_MSGSEND = YES;
				GCC_C_LANGUAGE_STANDARD = gnu99;
				GCC_NO_COMMON_BLOCKS = YES;
				GCC_WARN_64_TO_32_BIT_CONVERSION = YES;
				GCC_WARN_ABOUT_RETURN_TYPE = YES_ERROR;
				GCC_WARN_UNDECLARED_SELECTOR = YES;
				GCC_WARN_UNINITIALIZED_AUTOS = YES_AGGRESSIVE;
				GCC_WARN_UNUSED_FUNCTION = YES;
				GCC_WARN_UNUSED_VARIABLE = YES;
				IPHONEOS_DEPLOYMENT_TARGET = 8.3;
				MTL_ENABLE_DEBUG_INFO = NO;
				SDKROOT = iphoneos;
				TARGETED_DEVICE_FAMILY = "1,2";
				VALIDATE_PRODUCT = YES;
			};
			name = Release;
		};
		495746EC1AFEB0C600E8A172 /* Debug */ = {
			isa = XCBuildConfiguration;
			buildSettings = {
				ASSETCATALOG_COMPILER_APPICON_NAME = AppIcon;
				INFOPLIST_FILE = DriveSafeiOS/Info.plist;
				LD_RUNPATH_SEARCH_PATHS = "$(inherited) @executable_path/Frameworks";
				PRODUCT_NAME = "$(TARGET_NAME)";
			};
			name = Debug;
		};
		495746ED1AFEB0C600E8A172 /* Release */ = {
			isa = XCBuildConfiguration;
			buildSettings = {
				ASSETCATALOG_COMPILER_APPICON_NAME = AppIcon;
				INFOPLIST_FILE = DriveSafeiOS/Info.plist;
				LD_RUNPATH_SEARCH_PATHS = "$(inherited) @executable_path/Frameworks";
				PRODUCT_NAME = "$(TARGET_NAME)";
			};
			name = Release;
		};
		495746EF1AFEB0C600E8A172 /* Debug */ = {
			isa = XCBuildConfiguration;
			buildSettings = {
				BUNDLE_LOADER = "$(TEST_HOST)";
				FRAMEWORK_SEARCH_PATHS = (
					"$(SDKROOT)/Developer/Library/Frameworks",
					"$(inherited)",
				);
				GCC_PREPROCESSOR_DEFINITIONS = (
					"DEBUG=1",
					"$(inherited)",
				);
				INFOPLIST_FILE = DriveSafeiOSTests/Info.plist;
				LD_RUNPATH_SEARCH_PATHS = "$(inherited) @executable_path/Frameworks @loader_path/Frameworks";
				PRODUCT_NAME = "$(TARGET_NAME)";
				TEST_HOST = "$(BUILT_PRODUCTS_DIR)/DriveSafeiOS.app/DriveSafeiOS";
			};
			name = Debug;
		};
		495746F01AFEB0C600E8A172 /* Release */ = {
			isa = XCBuildConfiguration;
			buildSettings = {
				BUNDLE_LOADER = "$(TEST_HOST)";
				FRAMEWORK_SEARCH_PATHS = (
					"$(SDKROOT)/Developer/Library/Frameworks",
					"$(inherited)",
				);
				INFOPLIST_FILE = DriveSafeiOSTests/Info.plist;
				LD_RUNPATH_SEARCH_PATHS = "$(inherited) @executable_path/Frameworks @loader_path/Frameworks";
				PRODUCT_NAME = "$(TARGET_NAME)";
				TEST_HOST = "$(BUILT_PRODUCTS_DIR)/DriveSafeiOS.app/DriveSafeiOS";
			};
			name = Release;
		};
/* End XCBuildConfiguration section */

/* Begin XCConfigurationList section */
		495746C31AFEB0C600E8A172 /* Build configuration list for PBXProject "DriveSafeiOS" */ = {
			isa = XCConfigurationList;
			buildConfigurations = (
				495746E91AFEB0C600E8A172 /* Debug */,
				495746EA1AFEB0C600E8A172 /* Release */,
			);
			defaultConfigurationIsVisible = 0;
			defaultConfigurationName = Release;
		};
		495746EB1AFEB0C600E8A172 /* Build configuration list for PBXNativeTarget "DriveSafeiOS" */ = {
			isa = XCConfigurationList;
			buildConfigurations = (
				495746EC1AFEB0C600E8A172 /* Debug */,
				495746ED1AFEB0C600E8A172 /* Release */,
			);
			defaultConfigurationIsVisible = 0;
		};
		495746EE1AFEB0C600E8A172 /* Build configuration list for PBXNativeTarget "DriveSafeiOSTests" */ = {
			isa = XCConfigurationList;
			buildConfigurations = (
				495746EF1AFEB0C600E8A172 /* Debug */,
				495746F01AFEB0C600E8A172 /* Release */,
			);
			defaultConfigurationIsVisible = 0;
		};
/* End XCConfigurationList section */
	};
	rootObject = 495746C01AFEB0C600E8A172 /* Project object */;
}
